
Microsoft Visual Studio Solution File, Format Version 12.00
# Visual Studio 2012
Project("{FAE04EC0-301F-11D3-BF4B-00C04F79EFBC}") = "BuildApp", "BuildApp\BuildApp.csproj", "{333B7EEE-282B-4E3C-9ACD-9159DD5588B8}"
EndProject
Project("{FAE04EC0-301F-11D3-BF4B-00C04F79EFBC}") = "BuildApp.Tests", "BuildApp.Tests\BuildApp.Tests.csproj", "{A88A55AE-0915-4C07-BF8A-6C07EED5A2A1}"
EndProject
Global
	GlobalSection(SolutionConfigurationPlatforms) = preSolution
		Debug|Any CPU = Debug|Any CPU
		Release|Any CPU = Release|Any CPU
	EndGlobalSection
	GlobalSection(ProjectConfigurationPlatforms) = postSolution
		{333B7EEE-282B-4E3C-9ACD-9159DD5588B8}.Debug|Any CPU.ActiveCfg = Debug|Any CPU
		{333B7EEE-282B-4E3C-9ACD-9159DD5588B8}.Debug|Any CPU.Build.0 = Debug|Any CPU
		{333B7EEE-282B-4E3C-9ACD-9159DD5588B8}.Release|Any CPU.ActiveCfg = Release|Any CPU
		{333B7EEE-282B-4E3C-9ACD-9159DD5588B8}.Release|Any CPU.Build.0 = Release|Any CPU
		{A88A55AE-0915-4C07-BF8A-6C07EED5A2A1}.Debug|Any CPU.ActiveCfg = Debug|Any CPU
		{A88A55AE-0915-4C07-BF8A-6C07EED5A2A1}.Debug|Any CPU.Build.0 = Debug|Any CPU
		{A88A55AE-0915-4C07-BF8A-6C07EED5A2A1}.Release|Any CPU.ActiveCfg = Release|Any CPU
		{A88A55AE-0915-4C07-BF8A-6C07EED5A2A1}.Release|Any CPU.Build.0 = Release|Any CPU
	EndGlobalSection
	GlobalSection(SolutionProperties) = preSolution
		HideSolutionNode = FALSE
	EndGlobalSection
EndGlobal
